
Microsoft Visual Studio Solution File, Format Version 12.00
# Visual Studio 14
VisualStudioVersion = 14.0.25420.1
MinimumVisualStudioVersion = 10.0.40219.1
Project("{FAE04EC0-301F-11D3-BF4B-00C04F79EFBC}") = "Mymento.App.Droid", "Mymento.App\Mymento.App.Droid\Mymento.App.Droid.csproj", "{56BC0D0B-5CB0-45F2-BAE8-84BD9553084B}"
EndProject
Project("{FAE04EC0-301F-11D3-BF4B-00C04F79EFBC}") = "Mymento.App.iOS", "Mymento.App\Mymento.App.iOS\Mymento.App.iOS.csproj", "{A7B04FB1-9D25-4708-BB93-E2458FBD21C4}"
EndProject
Project("{FAE04EC0-301F-11D3-BF4B-00C04F79EFBC}") = "Mymento.App.WinPhone", "Mymento.App\Mymento.App.WinPhone\Mymento.App.WinPhone.csproj", "{994A52D9-8AEB-44F0-A319-B014651F0925}"
EndProject
Project("{FAE04EC0-301F-11D3-BF4B-00C04F79EFBC}") = "Mymento.App.Windows", "Mymento.App\Mymento.App.Windows\Mymento.App.Windows.csproj", "{E2573128-0F38-4D58-949C-F562A2AB6320}"
EndProject
Project("{FAE04EC0-301F-11D3-BF4B-00C04F79EFBC}") = "Mymento.App", "Mymento.App\Mymento.App\Mymento.App.csproj", "{D61F4F98-A970-4DD0-B9F0-23DC22235F00}"
EndProject
Project("{2150E333-8FDC-42A3-9474-1A3956D46DE8}") = "App", "App", "{E8C848C8-9CAF-4029-9C98-680341C1562E}"
EndProject
Project("{FAE04EC0-301F-11D3-BF4B-00C04F79EFBC}") = "Mymento.Service.Api", "Mymento.Service\Mymento.Service.Api\Mymento.Service.Api.csproj", "{06E87DD0-0C8B-41D1-9528-F235751F68CF}"
EndProject
Project("{2150E333-8FDC-42A3-9474-1A3956D46DE8}") = "PublishScripts", "PublishScripts", "{837EF0B7-CDE5-46DA-AF3A-A53F9A4E681B}"
EndProject
Project("{2150E333-8FDC-42A3-9474-1A3956D46DE8}") = "Scripts", "Scripts", "{5277B978-CB33-456E-9C36-9C91A0B78528}"
	ProjectSection(SolutionItems) = preProject
		PublishScripts\Scripts\Deploy-AzureResourceGroup.ps1 = PublishScripts\Scripts\Deploy-AzureResourceGroup.ps1
	EndProjectSection
EndProject
Project("{2150E333-8FDC-42A3-9474-1A3956D46DE8}") = "Templates", "Templates", "{46BCE273-7F0E-4370-BBD2-2E131039683C}"
	ProjectSection(SolutionItems) = preProject
		PublishScripts\Templates\MymentoServiceApi.json = PublishScripts\Templates\MymentoServiceApi.json
		PublishScripts\Templates\MymentoServiceApi.param.dev.json = PublishScripts\Templates\MymentoServiceApi.param.dev.json
	EndProjectSection
EndProject
Project("{2150E333-8FDC-42A3-9474-1A3956D46DE8}") = "Service", "Service", "{4194BE90-FA3B-42E5-9948-E972E87EA15A}"
EndProject
Global
	GlobalSection(SolutionConfigurationPlatforms) = preSolution
		Ad-Hoc|Any CPU = Ad-Hoc|Any CPU
		Ad-Hoc|ARM = Ad-Hoc|ARM
		Ad-Hoc|iPhone = Ad-Hoc|iPhone
		Ad-Hoc|iPhoneSimulator = Ad-Hoc|iPhoneSimulator
		Ad-Hoc|x64 = Ad-Hoc|x64
		Ad-Hoc|x86 = Ad-Hoc|x86
		AppStore|Any CPU = AppStore|Any CPU
		AppStore|ARM = AppStore|ARM
		AppStore|iPhone = AppStore|iPhone
		AppStore|iPhoneSimulator = AppStore|iPhoneSimulator
		AppStore|x64 = AppStore|x64
		AppStore|x86 = AppStore|x86
		Debug|Any CPU = Debug|Any CPU
		Debug|ARM = Debug|ARM
		Debug|iPhone = Debug|iPhone
		Debug|iPhoneSimulator = Debug|iPhoneSimulator
		Debug|x64 = Debug|x64
		Debug|x86 = Debug|x86
		Release|Any CPU = Release|Any CPU
		Release|ARM = Release|ARM
		Release|iPhone = Release|iPhone
		Release|iPhoneSimulator = Release|iPhoneSimulator
		Release|x64 = Release|x64
		Release|x86 = Release|x86
	EndGlobalSection
	GlobalSection(ProjectConfigurationPlatforms) = postSolution
		{56BC0D0B-5CB0-45F2-BAE8-84BD9553084B}.Ad-Hoc|Any CPU.ActiveCfg = Release|Any CPU
		{56BC0D0B-5CB0-45F2-BAE8-84BD9553084B}.Ad-Hoc|Any CPU.Build.0 = Release|Any CPU
		{56BC0D0B-5CB0-45F2-BAE8-84BD9553084B}.Ad-Hoc|Any CPU.Deploy.0 = Release|Any CPU
		{56BC0D0B-5CB0-45F2-BAE8-84BD9553084B}.Ad-Hoc|ARM.ActiveCfg = Release|Any CPU
		{56BC0D0B-5CB0-45F2-BAE8-84BD9553084B}.Ad-Hoc|ARM.Build.0 = Release|Any CPU
		{56BC0D0B-5CB0-45F2-BAE8-84BD9553084B}.Ad-Hoc|ARM.Deploy.0 = Release|Any CPU
		{56BC0D0B-5CB0-45F2-BAE8-84BD9553084B}.Ad-Hoc|iPhone.ActiveCfg = Release|Any CPU
		{56BC0D0B-5CB0-45F2-BAE8-84BD9553084B}.Ad-Hoc|iPhone.Build.0 = Release|Any CPU
		{56BC0D0B-5CB0-45F2-BAE8-84BD9553084B}.Ad-Hoc|iPhone.Deploy.0 = Release|Any CPU
		{56BC0D0B-5CB0-45F2-BAE8-84BD9553084B}.Ad-Hoc|iPhoneSimulator.ActiveCfg = Release|Any CPU
		{56BC0D0B-5CB0-45F2-BAE8-84BD9553084B}.Ad-Hoc|iPhoneSimulator.Build.0 = Release|Any CPU
		{56BC0D0B-5CB0-45F2-BAE8-84BD9553084B}.Ad-Hoc|iPhoneSimulator.Deploy.0 = Release|Any CPU
		{56BC0D0B-5CB0-45F2-BAE8-84BD9553084B}.Ad-Hoc|x64.ActiveCfg = Release|Any CPU
		{56BC0D0B-5CB0-45F2-BAE8-84BD9553084B}.Ad-Hoc|x64.Build.0 = Release|Any CPU
		{56BC0D0B-5CB0-45F2-BAE8-84BD9553084B}.Ad-Hoc|x64.Deploy.0 = Release|Any CPU
		{56BC0D0B-5CB0-45F2-BAE8-84BD9553084B}.Ad-Hoc|x86.ActiveCfg = Release|Any CPU
		{56BC0D0B-5CB0-45F2-BAE8-84BD9553084B}.Ad-Hoc|x86.Build.0 = Release|Any CPU
		{56BC0D0B-5CB0-45F2-BAE8-84BD9553084B}.Ad-Hoc|x86.Deploy.0 = Release|Any CPU
		{56BC0D0B-5CB0-45F2-BAE8-84BD9553084B}.AppStore|Any CPU.ActiveCfg = Release|Any CPU
		{56BC0D0B-5CB0-45F2-BAE8-84BD9553084B}.AppStore|Any CPU.Build.0 = Release|Any CPU
		{56BC0D0B-5CB0-45F2-BAE8-84BD9553084B}.AppStore|Any CPU.Deploy.0 = Release|Any CPU
		{56BC0D0B-5CB0-45F2-BAE8-84BD9553084B}.AppStore|ARM.ActiveCfg = Release|Any CPU
		{56BC0D0B-5CB0-45F2-BAE8-84BD9553084B}.AppStore|ARM.Build.0 = Release|Any CPU
		{56BC0D0B-5CB0-45F2-BAE8-84BD9553084B}.AppStore|ARM.Deploy.0 = Release|Any CPU
		{56BC0D0B-5CB0-45F2-BAE8-84BD9553084B}.AppStore|iPhone.ActiveCfg = Release|Any CPU
		{56BC0D0B-5CB0-45F2-BAE8-84BD9553084B}.AppStore|iPhone.Build.0 = Release|Any CPU
		{56BC0D0B-5CB0-45F2-BAE8-84BD9553084B}.AppStore|iPhone.Deploy.0 = Release|Any CPU
		{56BC0D0B-5CB0-45F2-BAE8-84BD9553084B}.AppStore|iPhoneSimulator.ActiveCfg = Release|Any CPU
		{56BC0D0B-5CB0-45F2-BAE8-84BD9553084B}.AppStore|iPhoneSimulator.Build.0 = Release|Any CPU
		{56BC0D0B-5CB0-45F2-BAE8-84BD9553084B}.AppStore|iPhoneSimulator.Deploy.0 = Release|Any CPU
		{56BC0D0B-5CB0-45F2-BAE8-84BD9553084B}.AppStore|x64.ActiveCfg = Release|Any CPU
		{56BC0D0B-5CB0-45F2-BAE8-84BD9553084B}.AppStore|x64.Build.0 = Release|Any CPU
		{56BC0D0B-5CB0-45F2-BAE8-84BD9553084B}.AppStore|x64.Deploy.0 = Release|Any CPU
		{56BC0D0B-5CB0-45F2-BAE8-84BD9553084B}.AppStore|x86.ActiveCfg = Release|Any CPU
		{56BC0D0B-5CB0-45F2-BAE8-84BD9553084B}.AppStore|x86.Build.0 = Release|Any CPU
		{56BC0D0B-5CB0-45F2-BAE8-84BD9553084B}.AppStore|x86.Deploy.0 = Release|Any CPU
		{56BC0D0B-5CB0-45F2-BAE8-84BD9553084B}.Debug|Any CPU.ActiveCfg = Debug|Any CPU
		{56BC0D0B-5CB0-45F2-BAE8-84BD9553084B}.Debug|Any CPU.Build.0 = Debug|Any CPU
		{56BC0D0B-5CB0-45F2-BAE8-84BD9553084B}.Debug|Any CPU.Deploy.0 = Debug|Any CPU
		{56BC0D0B-5CB0-45F2-BAE8-84BD9553084B}.Debug|ARM.ActiveCfg = Debug|Any CPU
		{56BC0D0B-5CB0-45F2-BAE8-84BD9553084B}.Debug|ARM.Build.0 = Debug|Any CPU
		{56BC0D0B-5CB0-45F2-BAE8-84BD9553084B}.Debug|ARM.Deploy.0 = Debug|Any CPU
		{56BC0D0B-5CB0-45F2-BAE8-84BD9553084B}.Debug|iPhone.ActiveCfg = Debug|Any CPU
		{56BC0D0B-5CB0-45F2-BAE8-84BD9553084B}.Debug|iPhone.Build.0 = Debug|Any CPU
		{56BC0D0B-5CB0-45F2-BAE8-84BD9553084B}.Debug|iPhone.Deploy.0 = Debug|Any CPU
		{56BC0D0B-5CB0-45F2-BAE8-84BD9553084B}.Debug|iPhoneSimulator.ActiveCfg = Debug|Any CPU
		{56BC0D0B-5CB0-45F2-BAE8-84BD9553084B}.Debug|iPhoneSimulator.Build.0 = Debug|Any CPU
		{56BC0D0B-5CB0-45F2-BAE8-84BD9553084B}.Debug|iPhoneSimulator.Deploy.0 = Debug|Any CPU
		{56BC0D0B-5CB0-45F2-BAE8-84BD9553084B}.Debug|x64.ActiveCfg = Debug|Any CPU
		{56BC0D0B-5CB0-45F2-BAE8-84BD9553084B}.Debug|x64.Build.0 = Debug|Any CPU
		{56BC0D0B-5CB0-45F2-BAE8-84BD9553084B}.Debug|x64.Deploy.0 = Debug|Any CPU
		{56BC0D0B-5CB0-45F2-BAE8-84BD9553084B}.Debug|x86.ActiveCfg = Debug|Any CPU
		{56BC0D0B-5CB0-45F2-BAE8-84BD9553084B}.Debug|x86.Build.0 = Debug|Any CPU
		{56BC0D0B-5CB0-45F2-BAE8-84BD9553084B}.Debug|x86.Deploy.0 = Debug|Any CPU
		{56BC0D0B-5CB0-45F2-BAE8-84BD9553084B}.Release|Any CPU.ActiveCfg = Release|Any CPU
		{56BC0D0B-5CB0-45F2-BAE8-84BD9553084B}.Release|Any CPU.Build.0 = Release|Any CPU
		{56BC0D0B-5CB0-45F2-BAE8-84BD9553084B}.Release|Any CPU.Deploy.0 = Release|Any CPU
		{56BC0D0B-5CB0-45F2-BAE8-84BD9553084B}.Release|ARM.ActiveCfg = Release|Any CPU
		{56BC0D0B-5CB0-45F2-BAE8-84BD9553084B}.Release|ARM.Build.0 = Release|Any CPU
		{56BC0D0B-5CB0-45F2-BAE8-84BD9553084B}.Release|ARM.Deploy.0 = Release|Any CPU
		{56BC0D0B-5CB0-45F2-BAE8-84BD9553084B}.Release|iPhone.ActiveCfg = Release|Any CPU
		{56BC0D0B-5CB0-45F2-BAE8-84BD9553084B}.Release|iPhone.Build.0 = Release|Any CPU
		{56BC0D0B-5CB0-45F2-BAE8-84BD9553084B}.Release|iPhone.Deploy.0 = Release|Any CPU
		{56BC0D0B-5CB0-45F2-BAE8-84BD9553084B}.Release|iPhoneSimulator.ActiveCfg = Release|Any CPU
		{56BC0D0B-5CB0-45F2-BAE8-84BD9553084B}.Release|iPhoneSimulator.Build.0 = Release|Any CPU
		{56BC0D0B-5CB0-45F2-BAE8-84BD9553084B}.Release|iPhoneSimulator.Deploy.0 = Release|Any CPU
		{56BC0D0B-5CB0-45F2-BAE8-84BD9553084B}.Release|x64.ActiveCfg = Release|Any CPU
		{56BC0D0B-5CB0-45F2-BAE8-84BD9553084B}.Release|x64.Build.0 = Release|Any CPU
		{56BC0D0B-5CB0-45F2-BAE8-84BD9553084B}.Release|x64.Deploy.0 = Release|Any CPU
		{56BC0D0B-5CB0-45F2-BAE8-84BD9553084B}.Release|x86.ActiveCfg = Release|Any CPU
		{56BC0D0B-5CB0-45F2-BAE8-84BD9553084B}.Release|x86.Build.0 = Release|Any CPU
		{56BC0D0B-5CB0-45F2-BAE8-84BD9553084B}.Release|x86.Deploy.0 = Release|Any CPU
		{A7B04FB1-9D25-4708-BB93-E2458FBD21C4}.Ad-Hoc|Any CPU.ActiveCfg = Ad-Hoc|iPhone
		{A7B04FB1-9D25-4708-BB93-E2458FBD21C4}.Ad-Hoc|ARM.ActiveCfg = Ad-Hoc|iPhone
		{A7B04FB1-9D25-4708-BB93-E2458FBD21C4}.Ad-Hoc|iPhone.ActiveCfg = Ad-Hoc|iPhone
		{A7B04FB1-9D25-4708-BB93-E2458FBD21C4}.Ad-Hoc|iPhone.Build.0 = Ad-Hoc|iPhone
		{A7B04FB1-9D25-4708-BB93-E2458FBD21C4}.Ad-Hoc|iPhoneSimulator.ActiveCfg = Ad-Hoc|iPhoneSimulator
		{A7B04FB1-9D25-4708-BB93-E2458FBD21C4}.Ad-Hoc|iPhoneSimulator.Build.0 = Ad-Hoc|iPhoneSimulator
		{A7B04FB1-9D25-4708-BB93-E2458FBD21C4}.Ad-Hoc|x64.ActiveCfg = Ad-Hoc|iPhone
		{A7B04FB1-9D25-4708-BB93-E2458FBD21C4}.Ad-Hoc|x86.ActiveCfg = Ad-Hoc|iPhone
		{A7B04FB1-9D25-4708-BB93-E2458FBD21C4}.AppStore|Any CPU.ActiveCfg = AppStore|iPhone
		{A7B04FB1-9D25-4708-BB93-E2458FBD21C4}.AppStore|ARM.ActiveCfg = AppStore|iPhone
		{A7B04FB1-9D25-4708-BB93-E2458FBD21C4}.AppStore|iPhone.ActiveCfg = AppStore|iPhone
		{A7B04FB1-9D25-4708-BB93-E2458FBD21C4}.AppStore|iPhone.Build.0 = AppStore|iPhone
		{A7B04FB1-9D25-4708-BB93-E2458FBD21C4}.AppStore|iPhoneSimulator.ActiveCfg = AppStore|iPhoneSimulator
		{A7B04FB1-9D25-4708-BB93-E2458FBD21C4}.AppStore|iPhoneSimulator.Build.0 = AppStore|iPhoneSimulator
		{A7B04FB1-9D25-4708-BB93-E2458FBD21C4}.AppStore|x64.ActiveCfg = AppStore|iPhone
		{A7B04FB1-9D25-4708-BB93-E2458FBD21C4}.AppStore|x86.ActiveCfg = AppStore|iPhone
		{A7B04FB1-9D25-4708-BB93-E2458FBD21C4}.Debug|Any CPU.ActiveCfg = Debug|iPhone
		{A7B04FB1-9D25-4708-BB93-E2458FBD21C4}.Debug|ARM.ActiveCfg = Debug|iPhone
		{A7B04FB1-9D25-4708-BB93-E2458FBD21C4}.Debug|iPhone.ActiveCfg = Debug|iPhone
		{A7B04FB1-9D25-4708-BB93-E2458FBD21C4}.Debug|iPhone.Build.0 = Debug|iPhone
		{A7B04FB1-9D25-4708-BB93-E2458FBD21C4}.Debug|iPhoneSimulator.ActiveCfg = Debug|iPhoneSimulator
		{A7B04FB1-9D25-4708-BB93-E2458FBD21C4}.Debug|iPhoneSimulator.Build.0 = Debug|iPhoneSimulator
		{A7B04FB1-9D25-4708-BB93-E2458FBD21C4}.Debug|x64.ActiveCfg = Debug|iPhone
		{A7B04FB1-9D25-4708-BB93-E2458FBD21C4}.Debug|x86.ActiveCfg = Debug|iPhone
		{A7B04FB1-9D25-4708-BB93-E2458FBD21C4}.Release|Any CPU.ActiveCfg = Release|iPhone
		{A7B04FB1-9D25-4708-BB93-E2458FBD21C4}.Release|ARM.ActiveCfg = Release|iPhone
		{A7B04FB1-9D25-4708-BB93-E2458FBD21C4}.Release|iPhone.ActiveCfg = Release|iPhone
		{A7B04FB1-9D25-4708-BB93-E2458FBD21C4}.Release|iPhone.Build.0 = Release|iPhone
		{A7B04FB1-9D25-4708-BB93-E2458FBD21C4}.Release|iPhoneSimulator.ActiveCfg = Release|iPhoneSimulator
		{A7B04FB1-9D25-4708-BB93-E2458FBD21C4}.Release|iPhoneSimulator.Build.0 = Release|iPhoneSimulator
		{A7B04FB1-9D25-4708-BB93-E2458FBD21C4}.Release|x64.ActiveCfg = Release|iPhone
		{A7B04FB1-9D25-4708-BB93-E2458FBD21C4}.Release|x86.ActiveCfg = Release|iPhone
		{994A52D9-8AEB-44F0-A319-B014651F0925}.Ad-Hoc|Any CPU.ActiveCfg = Release|Any CPU
		{994A52D9-8AEB-44F0-A319-B014651F0925}.Ad-Hoc|Any CPU.Build.0 = Release|Any CPU
		{994A52D9-8AEB-44F0-A319-B014651F0925}.Ad-Hoc|Any CPU.Deploy.0 = Release|Any CPU
		{994A52D9-8AEB-44F0-A319-B014651F0925}.Ad-Hoc|ARM.ActiveCfg = Release|ARM
		{994A52D9-8AEB-44F0-A319-B014651F0925}.Ad-Hoc|ARM.Build.0 = Release|ARM
		{994A52D9-8AEB-44F0-A319-B014651F0925}.Ad-Hoc|ARM.Deploy.0 = Release|ARM
		{994A52D9-8AEB-44F0-A319-B014651F0925}.Ad-Hoc|iPhone.ActiveCfg = Release|Any CPU
		{994A52D9-8AEB-44F0-A319-B014651F0925}.Ad-Hoc|iPhone.Build.0 = Release|Any CPU
		{994A52D9-8AEB-44F0-A319-B014651F0925}.Ad-Hoc|iPhone.Deploy.0 = Release|Any CPU
		{994A52D9-8AEB-44F0-A319-B014651F0925}.Ad-Hoc|iPhoneSimulator.ActiveCfg = Release|Any CPU
		{994A52D9-8AEB-44F0-A319-B014651F0925}.Ad-Hoc|iPhoneSimulator.Build.0 = Release|Any CPU
		{994A52D9-8AEB-44F0-A319-B014651F0925}.Ad-Hoc|iPhoneSimulator.Deploy.0 = Release|Any CPU
		{994A52D9-8AEB-44F0-A319-B014651F0925}.Ad-Hoc|x64.ActiveCfg = Release|Any CPU
		{994A52D9-8AEB-44F0-A319-B014651F0925}.Ad-Hoc|x64.Build.0 = Release|Any CPU
		{994A52D9-8AEB-44F0-A319-B014651F0925}.Ad-Hoc|x64.Deploy.0 = Release|Any CPU
		{994A52D9-8AEB-44F0-A319-B014651F0925}.Ad-Hoc|x86.ActiveCfg = Release|x86
		{994A52D9-8AEB-44F0-A319-B014651F0925}.Ad-Hoc|x86.Build.0 = Release|x86
		{994A52D9-8AEB-44F0-A319-B014651F0925}.Ad-Hoc|x86.Deploy.0 = Release|x86
		{994A52D9-8AEB-44F0-A319-B014651F0925}.AppStore|Any CPU.ActiveCfg = Release|Any CPU
		{994A52D9-8AEB-44F0-A319-B014651F0925}.AppStore|Any CPU.Build.0 = Release|Any CPU
		{994A52D9-8AEB-44F0-A319-B014651F0925}.AppStore|Any CPU.Deploy.0 = Release|Any CPU
		{994A52D9-8AEB-44F0-A319-B014651F0925}.AppStore|ARM.ActiveCfg = Release|ARM
		{994A52D9-8AEB-44F0-A319-B014651F0925}.AppStore|ARM.Build.0 = Release|ARM
		{994A52D9-8AEB-44F0-A319-B014651F0925}.AppStore|ARM.Deploy.0 = Release|ARM
		{994A52D9-8AEB-44F0-A319-B014651F0925}.AppStore|iPhone.ActiveCfg = Release|Any CPU
		{994A52D9-8AEB-44F0-A319-B014651F0925}.AppStore|iPhone.Build.0 = Release|Any CPU
		{994A52D9-8AEB-44F0-A319-B014651F0925}.AppStore|iPhone.Deploy.0 = Release|Any CPU
		{994A52D9-8AEB-44F0-A319-B014651F0925}.AppStore|iPhoneSimulator.ActiveCfg = Release|Any CPU
		{994A52D9-8AEB-44F0-A319-B014651F0925}.AppStore|iPhoneSimulator.Build.0 = Release|Any CPU
		{994A52D9-8AEB-44F0-A319-B014651F0925}.AppStore|iPhoneSimulator.Deploy.0 = Release|Any CPU
		{994A52D9-8AEB-44F0-A319-B014651F0925}.AppStore|x64.ActiveCfg = Release|Any CPU
		{994A52D9-8AEB-44F0-A319-B014651F0925}.AppStore|x64.Build.0 = Release|Any CPU
		{994A52D9-8AEB-44F0-A319-B014651F0925}.AppStore|x64.Deploy.0 = Release|Any CPU
		{994A52D9-8AEB-44F0-A319-B014651F0925}.AppStore|x86.ActiveCfg = Release|x86
		{994A52D9-8AEB-44F0-A319-B014651F0925}.AppStore|x86.Build.0 = Release|x86
		{994A52D9-8AEB-44F0-A319-B014651F0925}.AppStore|x86.Deploy.0 = Release|x86
		{994A52D9-8AEB-44F0-A319-B014651F0925}.Debug|Any CPU.ActiveCfg = Debug|Any CPU
		{994A52D9-8AEB-44F0-A319-B014651F0925}.Debug|ARM.ActiveCfg = Debug|ARM
		{994A52D9-8AEB-44F0-A319-B014651F0925}.Debug|ARM.Build.0 = Debug|ARM
		{994A52D9-8AEB-44F0-A319-B014651F0925}.Debug|ARM.Deploy.0 = Debug|ARM
		{994A52D9-8AEB-44F0-A319-B014651F0925}.Debug|iPhone.ActiveCfg = Debug|Any CPU
		{994A52D9-8AEB-44F0-A319-B014651F0925}.Debug|iPhone.Build.0 = Debug|Any CPU
		{994A52D9-8AEB-44F0-A319-B014651F0925}.Debug|iPhone.Deploy.0 = Debug|Any CPU
		{994A52D9-8AEB-44F0-A319-B014651F0925}.Debug|iPhoneSimulator.ActiveCfg = Debug|Any CPU
		{994A52D9-8AEB-44F0-A319-B014651F0925}.Debug|iPhoneSimulator.Build.0 = Debug|Any CPU
		{994A52D9-8AEB-44F0-A319-B014651F0925}.Debug|iPhoneSimulator.Deploy.0 = Debug|Any CPU
		{994A52D9-8AEB-44F0-A319-B014651F0925}.Debug|x64.ActiveCfg = Debug|Any CPU
		{994A52D9-8AEB-44F0-A319-B014651F0925}.Debug|x64.Build.0 = Debug|Any CPU
		{994A52D9-8AEB-44F0-A319-B014651F0925}.Debug|x64.Deploy.0 = Debug|Any CPU
		{994A52D9-8AEB-44F0-A319-B014651F0925}.Debug|x86.ActiveCfg = Debug|x86
		{994A52D9-8AEB-44F0-A319-B014651F0925}.Debug|x86.Build.0 = Debug|x86
		{994A52D9-8AEB-44F0-A319-B014651F0925}.Debug|x86.Deploy.0 = Debug|x86
		{994A52D9-8AEB-44F0-A319-B014651F0925}.Release|Any CPU.ActiveCfg = Release|Any CPU
		{994A52D9-8AEB-44F0-A319-B014651F0925}.Release|Any CPU.Build.0 = Release|Any CPU
		{994A52D9-8AEB-44F0-A319-B014651F0925}.Release|Any CPU.Deploy.0 = Release|Any CPU
		{994A52D9-8AEB-44F0-A319-B014651F0925}.Release|ARM.ActiveCfg = Release|ARM
		{994A52D9-8AEB-44F0-A319-B014651F0925}.Release|ARM.Build.0 = Release|ARM
		{994A52D9-8AEB-44F0-A319-B014651F0925}.Release|ARM.Deploy.0 = Release|ARM
		{994A52D9-8AEB-44F0-A319-B014651F0925}.Release|iPhone.ActiveCfg = Release|Any CPU
		{994A52D9-8AEB-44F0-A319-B014651F0925}.Release|iPhone.Build.0 = Release|Any CPU
		{994A52D9-8AEB-44F0-A319-B014651F0925}.Release|iPhone.Deploy.0 = Release|Any CPU
		{994A52D9-8AEB-44F0-A319-B014651F0925}.Release|iPhoneSimulator.ActiveCfg = Release|Any CPU
		{994A52D9-8AEB-44F0-A319-B014651F0925}.Release|iPhoneSimulator.Build.0 = Release|Any CPU
		{994A52D9-8AEB-44F0-A319-B014651F0925}.Release|iPhoneSimulator.Deploy.0 = Release|Any CPU
		{994A52D9-8AEB-44F0-A319-B014651F0925}.Release|x64.ActiveCfg = Release|Any CPU
		{994A52D9-8AEB-44F0-A319-B014651F0925}.Release|x64.Build.0 = Release|Any CPU
		{994A52D9-8AEB-44F0-A319-B014651F0925}.Release|x64.Deploy.0 = Release|Any CPU
		{994A52D9-8AEB-44F0-A319-B014651F0925}.Release|x86.ActiveCfg = Release|x86
		{994A52D9-8AEB-44F0-A319-B014651F0925}.Release|x86.Build.0 = Release|x86
		{994A52D9-8AEB-44F0-A319-B014651F0925}.Release|x86.Deploy.0 = Release|x86
		{E2573128-0F38-4D58-949C-F562A2AB6320}.Ad-Hoc|Any CPU.ActiveCfg = Release|Any CPU
		{E2573128-0F38-4D58-949C-F562A2AB6320}.Ad-Hoc|Any CPU.Build.0 = Release|Any CPU
		{E2573128-0F38-4D58-949C-F562A2AB6320}.Ad-Hoc|Any CPU.Deploy.0 = Release|Any CPU
		{E2573128-0F38-4D58-949C-F562A2AB6320}.Ad-Hoc|ARM.ActiveCfg = Release|ARM
		{E2573128-0F38-4D58-949C-F562A2AB6320}.Ad-Hoc|ARM.Build.0 = Release|ARM
		{E2573128-0F38-4D58-949C-F562A2AB6320}.Ad-Hoc|ARM.Deploy.0 = Release|ARM
		{E2573128-0F38-4D58-949C-F562A2AB6320}.Ad-Hoc|iPhone.ActiveCfg = Release|Any CPU
		{E2573128-0F38-4D58-949C-F562A2AB6320}.Ad-Hoc|iPhone.Build.0 = Release|Any CPU
		{E2573128-0F38-4D58-949C-F562A2AB6320}.Ad-Hoc|iPhone.Deploy.0 = Release|Any CPU
		{E2573128-0F38-4D58-949C-F562A2AB6320}.Ad-Hoc|iPhoneSimulator.ActiveCfg = Release|Any CPU
		{E2573128-0F38-4D58-949C-F562A2AB6320}.Ad-Hoc|iPhoneSimulator.Build.0 = Release|Any CPU
		{E2573128-0F38-4D58-949C-F562A2AB6320}.Ad-Hoc|iPhoneSimulator.Deploy.0 = Release|Any CPU
		{E2573128-0F38-4D58-949C-F562A2AB6320}.Ad-Hoc|x64.ActiveCfg = Release|x64
		{E2573128-0F38-4D58-949C-F562A2AB6320}.Ad-Hoc|x64.Build.0 = Release|x64
		{E2573128-0F38-4D58-949C-F562A2AB6320}.Ad-Hoc|x64.Deploy.0 = Release|x64
		{E2573128-0F38-4D58-949C-F562A2AB6320}.Ad-Hoc|x86.ActiveCfg = Release|x86
		{E2573128-0F38-4D58-949C-F562A2AB6320}.Ad-Hoc|x86.Build.0 = Release|x86
		{E2573128-0F38-4D58-949C-F562A2AB6320}.Ad-Hoc|x86.Deploy.0 = Release|x86
		{E2573128-0F38-4D58-949C-F562A2AB6320}.AppStore|Any CPU.ActiveCfg = Release|Any CPU
		{E2573128-0F38-4D58-949C-F562A2AB6320}.AppStore|Any CPU.Build.0 = Release|Any CPU
		{E2573128-0F38-4D58-949C-F562A2AB6320}.AppStore|Any CPU.Deploy.0 = Release|Any CPU
		{E2573128-0F38-4D58-949C-F562A2AB6320}.AppStore|ARM.ActiveCfg = Release|ARM
		{E2573128-0F38-4D58-949C-F562A2AB6320}.AppStore|ARM.Build.0 = Release|ARM
		{E2573128-0F38-4D58-949C-F562A2AB6320}.AppStore|ARM.Deploy.0 = Release|ARM
		{E2573128-0F38-4D58-949C-F562A2AB6320}.AppStore|iPhone.ActiveCfg = Release|Any CPU
		{E2573128-0F38-4D58-949C-F562A2AB6320}.AppStore|iPhone.Build.0 = Release|Any CPU
		{E2573128-0F38-4D58-949C-F562A2AB6320}.AppStore|iPhone.Deploy.0 = Release|Any CPU
		{E2573128-0F38-4D58-949C-F562A2AB6320}.AppStore|iPhoneSimulator.ActiveCfg = Release|Any CPU
		{E2573128-0F38-4D58-949C-F562A2AB6320}.AppStore|iPhoneSimulator.Build.0 = Release|Any CPU
		{E2573128-0F38-4D58-949C-F562A2AB6320}.AppStore|iPhoneSimulator.Deploy.0 = Release|Any CPU
		{E2573128-0F38-4D58-949C-F562A2AB6320}.AppStore|x64.ActiveCfg = Release|x64
		{E2573128-0F38-4D58-949C-F562A2AB6320}.AppStore|x64.Build.0 = Release|x64
		{E2573128-0F38-4D58-949C-F562A2AB6320}.AppStore|x64.Deploy.0 = Release|x64
		{E2573128-0F38-4D58-949C-F562A2AB6320}.AppStore|x86.ActiveCfg = Release|x86
		{E2573128-0F38-4D58-949C-F562A2AB6320}.AppStore|x86.Build.0 = Release|x86
		{E2573128-0F38-4D58-949C-F562A2AB6320}.AppStore|x86.Deploy.0 = Release|x86
		{E2573128-0F38-4D58-949C-F562A2AB6320}.Debug|Any CPU.ActiveCfg = Debug|Any CPU
		{E2573128-0F38-4D58-949C-F562A2AB6320}.Debug|ARM.ActiveCfg = Debug|ARM
		{E2573128-0F38-4D58-949C-F562A2AB6320}.Debug|ARM.Build.0 = Debug|ARM
		{E2573128-0F38-4D58-949C-F562A2AB6320}.Debug|ARM.Deploy.0 = Debug|ARM
		{E2573128-0F38-4D58-949C-F562A2AB6320}.Debug|iPhone.ActiveCfg = Debug|Any CPU
		{E2573128-0F38-4D58-949C-F562A2AB6320}.Debug|iPhone.Build.0 = Debug|Any CPU
		{E2573128-0F38-4D58-949C-F562A2AB6320}.Debug|iPhone.Deploy.0 = Debug|Any CPU
		{E2573128-0F38-4D58-949C-F562A2AB6320}.Debug|iPhoneSimulator.ActiveCfg = Debug|Any CPU
		{E2573128-0F38-4D58-949C-F562A2AB6320}.Debug|iPhoneSimulator.Build.0 = Debug|Any CPU
		{E2573128-0F38-4D58-949C-F562A2AB6320}.Debug|iPhoneSimulator.Deploy.0 = Debug|Any CPU
		{E2573128-0F38-4D58-949C-F562A2AB6320}.Debug|x64.ActiveCfg = Debug|x64
		{E2573128-0F38-4D58-949C-F562A2AB6320}.Debug|x64.Build.0 = Debug|x64
		{E2573128-0F38-4D58-949C-F562A2AB6320}.Debug|x64.Deploy.0 = Debug|x64
		{E2573128-0F38-4D58-949C-F562A2AB6320}.Debug|x86.ActiveCfg = Debug|x86
		{E2573128-0F38-4D58-949C-F562A2AB6320}.Debug|x86.Build.0 = Debug|x86
		{E2573128-0F38-4D58-949C-F562A2AB6320}.Debug|x86.Deploy.0 = Debug|x86
		{E2573128-0F38-4D58-949C-F562A2AB6320}.Release|Any CPU.ActiveCfg = Release|Any CPU
		{E2573128-0F38-4D58-949C-F562A2AB6320}.Release|Any CPU.Build.0 = Release|Any CPU
		{E2573128-0F38-4D58-949C-F562A2AB6320}.Release|Any CPU.Deploy.0 = Release|Any CPU
		{E2573128-0F38-4D58-949C-F562A2AB6320}.Release|ARM.ActiveCfg = Release|ARM
		{E2573128-0F38-4D58-949C-F562A2AB6320}.Release|ARM.Build.0 = Release|ARM
		{E2573128-0F38-4D58-949C-F562A2AB6320}.Release|ARM.Deploy.0 = Release|ARM
		{E2573128-0F38-4D58-949C-F562A2AB6320}.Release|iPhone.ActiveCfg = Release|Any CPU
		{E2573128-0F38-4D58-949C-F562A2AB6320}.Release|iPhone.Build.0 = Release|Any CPU
		{E2573128-0F38-4D58-949C-F562A2AB6320}.Release|iPhone.Deploy.0 = Release|Any CPU
		{E2573128-0F38-4D58-949C-F562A2AB6320}.Release|iPhoneSimulator.ActiveCfg = Release|Any CPU
		{E2573128-0F38-4D58-949C-F562A2AB6320}.Release|iPhoneSimulator.Build.0 = Release|Any CPU
		{E2573128-0F38-4D58-949C-F562A2AB6320}.Release|iPhoneSimulator.Deploy.0 = Release|Any CPU
		{E2573128-0F38-4D58-949C-F562A2AB6320}.Release|x64.ActiveCfg = Release|x64
		{E2573128-0F38-4D58-949C-F562A2AB6320}.Release|x64.Build.0 = Release|x64
		{E2573128-0F38-4D58-949C-F562A2AB6320}.Release|x64.Deploy.0 = Release|x64
		{E2573128-0F38-4D58-949C-F562A2AB6320}.Release|x86.ActiveCfg = Release|x86
		{E2573128-0F38-4D58-949C-F562A2AB6320}.Release|x86.Build.0 = Release|x86
		{E2573128-0F38-4D58-949C-F562A2AB6320}.Release|x86.Deploy.0 = Release|x86
		{D61F4F98-A970-4DD0-B9F0-23DC22235F00}.Ad-Hoc|Any CPU.ActiveCfg = Release|Any CPU
		{D61F4F98-A970-4DD0-B9F0-23DC22235F00}.Ad-Hoc|Any CPU.Build.0 = Release|Any CPU
		{D61F4F98-A970-4DD0-B9F0-23DC22235F00}.Ad-Hoc|ARM.ActiveCfg = Release|Any CPU
		{D61F4F98-A970-4DD0-B9F0-23DC22235F00}.Ad-Hoc|ARM.Build.0 = Release|Any CPU
		{D61F4F98-A970-4DD0-B9F0-23DC22235F00}.Ad-Hoc|iPhone.ActiveCfg = Release|Any CPU
		{D61F4F98-A970-4DD0-B9F0-23DC22235F00}.Ad-Hoc|iPhone.Build.0 = Release|Any CPU
		{D61F4F98-A970-4DD0-B9F0-23DC22235F00}.Ad-Hoc|iPhoneSimulator.ActiveCfg = Release|Any CPU
		{D61F4F98-A970-4DD0-B9F0-23DC22235F00}.Ad-Hoc|iPhoneSimulator.Build.0 = Release|Any CPU
		{D61F4F98-A970-4DD0-B9F0-23DC22235F00}.Ad-Hoc|x64.ActiveCfg = Release|Any CPU
		{D61F4F98-A970-4DD0-B9F0-23DC22235F00}.Ad-Hoc|x64.Build.0 = Release|Any CPU
		{D61F4F98-A970-4DD0-B9F0-23DC22235F00}.Ad-Hoc|x86.ActiveCfg = Release|Any CPU
		{D61F4F98-A970-4DD0-B9F0-23DC22235F00}.Ad-Hoc|x86.Build.0 = Release|Any CPU
		{D61F4F98-A970-4DD0-B9F0-23DC22235F00}.AppStore|Any CPU.ActiveCfg = Release|Any CPU
		{D61F4F98-A970-4DD0-B9F0-23DC22235F00}.AppStore|Any CPU.Build.0 = Release|Any CPU
		{D61F4F98-A970-4DD0-B9F0-23DC22235F00}.AppStore|ARM.ActiveCfg = Release|Any CPU
		{D61F4F98-A970-4DD0-B9F0-23DC22235F00}.AppStore|ARM.Build.0 = Release|Any CPU
		{D61F4F98-A970-4DD0-B9F0-23DC22235F00}.AppStore|iPhone.ActiveCfg = Release|Any CPU
		{D61F4F98-A970-4DD0-B9F0-23DC22235F00}.AppStore|iPhone.Build.0 = Release|Any CPU
		{D61F4F98-A970-4DD0-B9F0-23DC22235F00}.AppStore|iPhoneSimulator.ActiveCfg = Release|Any CPU
		{D61F4F98-A970-4DD0-B9F0-23DC22235F00}.AppStore|iPhoneSimulator.Build.0 = Release|Any CPU
		{D61F4F98-A970-4DD0-B9F0-23DC22235F00}.AppStore|x64.ActiveCfg = Release|Any CPU
		{D61F4F98-A970-4DD0-B9F0-23DC22235F00}.AppStore|x64.Build.0 = Release|Any CPU
		{D61F4F98-A970-4DD0-B9F0-23DC22235F00}.AppStore|x86.ActiveCfg = Release|Any CPU
		{D61F4F98-A970-4DD0-B9F0-23DC22235F00}.AppStore|x86.Build.0 = Release|Any CPU
		{D61F4F98-A970-4DD0-B9F0-23DC22235F00}.Debug|Any CPU.ActiveCfg = Debug|Any CPU
		{D61F4F98-A970-4DD0-B9F0-23DC22235F00}.Debug|Any CPU.Build.0 = Debug|Any CPU
		{D61F4F98-A970-4DD0-B9F0-23DC22235F00}.Debug|ARM.ActiveCfg = Debug|Any CPU
		{D61F4F98-A970-4DD0-B9F0-23DC22235F00}.Debug|ARM.Build.0 = Debug|Any CPU
		{D61F4F98-A970-4DD0-B9F0-23DC22235F00}.Debug|iPhone.ActiveCfg = Debug|Any CPU
		{D61F4F98-A970-4DD0-B9F0-23DC22235F00}.Debug|iPhone.Build.0 = Debug|Any CPU
		{D61F4F98-A970-4DD0-B9F0-23DC22235F00}.Debug|iPhoneSimulator.ActiveCfg = Debug|Any CPU
		{D61F4F98-A970-4DD0-B9F0-23DC22235F00}.Debug|iPhoneSimulator.Build.0 = Debug|Any CPU
		{D61F4F98-A970-4DD0-B9F0-23DC22235F00}.Debug|x64.ActiveCfg = Debug|Any CPU
		{D61F4F98-A970-4DD0-B9F0-23DC22235F00}.Debug|x64.Build.0 = Debug|Any CPU
		{D61F4F98-A970-4DD0-B9F0-23DC22235F00}.Debug|x86.ActiveCfg = Debug|Any CPU
		{D61F4F98-A970-4DD0-B9F0-23DC22235F00}.Debug|x86.Build.0 = Debug|Any CPU
		{D61F4F98-A970-4DD0-B9F0-23DC22235F00}.Release|Any CPU.ActiveCfg = Release|Any CPU
		{D61F4F98-A970-4DD0-B9F0-23DC22235F00}.Release|Any CPU.Build.0 = Release|Any CPU
		{D61F4F98-A970-4DD0-B9F0-23DC22235F00}.Release|ARM.ActiveCfg = Release|Any CPU
		{D61F4F98-A970-4DD0-B9F0-23DC22235F00}.Release|ARM.Build.0 = Release|Any CPU
		{D61F4F98-A970-4DD0-B9F0-23DC22235F00}.Release|iPhone.ActiveCfg = Release|Any CPU
		{D61F4F98-A970-4DD0-B9F0-23DC22235F00}.Release|iPhone.Build.0 = Release|Any CPU
		{D61F4F98-A970-4DD0-B9F0-23DC22235F00}.Release|iPhoneSimulator.ActiveCfg = Release|Any CPU
		{D61F4F98-A970-4DD0-B9F0-23DC22235F00}.Release|iPhoneSimulator.Build.0 = Release|Any CPU
		{D61F4F98-A970-4DD0-B9F0-23DC22235F00}.Release|x64.ActiveCfg = Release|Any CPU
		{D61F4F98-A970-4DD0-B9F0-23DC22235F00}.Release|x64.Build.0 = Release|Any CPU
		{D61F4F98-A970-4DD0-B9F0-23DC22235F00}.Release|x86.ActiveCfg = Release|Any CPU
		{D61F4F98-A970-4DD0-B9F0-23DC22235F00}.Release|x86.Build.0 = Release|Any CPU
		{06E87DD0-0C8B-41D1-9528-F235751F68CF}.Ad-Hoc|Any CPU.ActiveCfg = Release|Any CPU
		{06E87DD0-0C8B-41D1-9528-F235751F68CF}.Ad-Hoc|Any CPU.Build.0 = Release|Any CPU
		{06E87DD0-0C8B-41D1-9528-F235751F68CF}.Ad-Hoc|ARM.ActiveCfg = Release|Any CPU
		{06E87DD0-0C8B-41D1-9528-F235751F68CF}.Ad-Hoc|ARM.Build.0 = Release|Any CPU
		{06E87DD0-0C8B-41D1-9528-F235751F68CF}.Ad-Hoc|iPhone.ActiveCfg = Release|Any CPU
		{06E87DD0-0C8B-41D1-9528-F235751F68CF}.Ad-Hoc|iPhone.Build.0 = Release|Any CPU
		{06E87DD0-0C8B-41D1-9528-F235751F68CF}.Ad-Hoc|iPhoneSimulator.ActiveCfg = Release|Any CPU
		{06E87DD0-0C8B-41D1-9528-F235751F68CF}.Ad-Hoc|iPhoneSimulator.Build.0 = Release|Any CPU
		{06E87DD0-0C8B-41D1-9528-F235751F68CF}.Ad-Hoc|x64.ActiveCfg = Release|Any CPU
		{06E87DD0-0C8B-41D1-9528-F235751F68CF}.Ad-Hoc|x64.Build.0 = Release|Any CPU
		{06E87DD0-0C8B-41D1-9528-F235751F68CF}.Ad-Hoc|x86.ActiveCfg = Release|Any CPU
		{06E87DD0-0C8B-41D1-9528-F235751F68CF}.Ad-Hoc|x86.Build.0 = Release|Any CPU
		{06E87DD0-0C8B-41D1-9528-F235751F68CF}.AppStore|Any CPU.ActiveCfg = Release|Any CPU
		{06E87DD0-0C8B-41D1-9528-F235751F68CF}.AppStore|Any CPU.Build.0 = Release|Any CPU
		{06E87DD0-0C8B-41D1-9528-F235751F68CF}.AppStore|ARM.ActiveCfg = Release|Any CPU
		{06E87DD0-0C8B-41D1-9528-F235751F68CF}.AppStore|ARM.Build.0 = Release|Any CPU
		{06E87DD0-0C8B-41D1-9528-F235751F68CF}.AppStore|iPhone.ActiveCfg = Release|Any CPU
		{06E87DD0-0C8B-41D1-9528-F235751F68CF}.AppStore|iPhone.Build.0 = Release|Any CPU
		{06E87DD0-0C8B-41D1-9528-F235751F68CF}.AppStore|iPhoneSimulator.ActiveCfg = Release|Any CPU
		{06E87DD0-0C8B-41D1-9528-F235751F68CF}.AppStore|iPhoneSimulator.Build.0 = Release|Any CPU
		{06E87DD0-0C8B-41D1-9528-F235751F68CF}.AppStore|x64.ActiveCfg = Release|Any CPU
		{06E87DD0-0C8B-41D1-9528-F235751F68CF}.AppStore|x64.Build.0 = Release|Any CPU
		{06E87DD0-0C8B-41D1-9528-F235751F68CF}.AppStore|x86.ActiveCfg = Release|Any CPU
		{06E87DD0-0C8B-41D1-9528-F235751F68CF}.AppStore|x86.Build.0 = Release|Any CPU
		{06E87DD0-0C8B-41D1-9528-F235751F68CF}.Debug|Any CPU.ActiveCfg = Debug|Any CPU
		{06E87DD0-0C8B-41D1-9528-F235751F68CF}.Debug|Any CPU.Build.0 = Debug|Any CPU
		{06E87DD0-0C8B-41D1-9528-F235751F68CF}.Debug|ARM.ActiveCfg = Debug|Any CPU
		{06E87DD0-0C8B-41D1-9528-F235751F68CF}.Debug|ARM.Build.0 = Debug|Any CPU
		{06E87DD0-0C8B-41D1-9528-F235751F68CF}.Debug|iPhone.ActiveCfg = Debug|Any CPU
		{06E87DD0-0C8B-41D1-9528-F235751F68CF}.Debug|iPhone.Build.0 = Debug|Any CPU
		{06E87DD0-0C8B-41D1-9528-F235751F68CF}.Debug|iPhoneSimulator.ActiveCfg = Debug|Any CPU
		{06E87DD0-0C8B-41D1-9528-F235751F68CF}.Debug|iPhoneSimulator.Build.0 = Debug|Any CPU
		{06E87DD0-0C8B-41D1-9528-F235751F68CF}.Debug|x64.ActiveCfg = Debug|Any CPU
		{06E87DD0-0C8B-41D1-9528-F235751F68CF}.Debug|x64.Build.0 = Debug|Any CPU
		{06E87DD0-0C8B-41D1-9528-F235751F68CF}.Debug|x86.ActiveCfg = Debug|Any CPU
		{06E87DD0-0C8B-41D1-9528-F235751F68CF}.Debug|x86.Build.0 = Debug|Any CPU
		{06E87DD0-0C8B-41D1-9528-F235751F68CF}.Release|Any CPU.ActiveCfg = Release|Any CPU
		{06E87DD0-0C8B-41D1-9528-F235751F68CF}.Release|Any CPU.Build.0 = Release|Any CPU
		{06E87DD0-0C8B-41D1-9528-F235751F68CF}.Release|ARM.ActiveCfg = Release|Any CPU
		{06E87DD0-0C8B-41D1-9528-F235751F68CF}.Release|ARM.Build.0 = Release|Any CPU
		{06E87DD0-0C8B-41D1-9528-F235751F68CF}.Release|iPhone.ActiveCfg = Release|Any CPU
		{06E87DD0-0C8B-41D1-9528-F235751F68CF}.Release|iPhone.Build.0 = Release|Any CPU
		{06E87DD0-0C8B-41D1-9528-F235751F68CF}.Release|iPhoneSimulator.ActiveCfg = Release|Any CPU
		{06E87DD0-0C8B-41D1-9528-F235751F68CF}.Release|iPhoneSimulator.Build.0 = Release|Any CPU
		{06E87DD0-0C8B-41D1-9528-F235751F68CF}.Release|x64.ActiveCfg = Release|Any CPU
		{06E87DD0-0C8B-41D1-9528-F235751F68CF}.Release|x64.Build.0 = Release|Any CPU
		{06E87DD0-0C8B-41D1-9528-F235751F68CF}.Release|x86.ActiveCfg = Release|Any CPU
		{06E87DD0-0C8B-41D1-9528-F235751F68CF}.Release|x86.Build.0 = Release|Any CPU
	EndGlobalSection
	GlobalSection(SolutionProperties) = preSolution
		HideSolutionNode = FALSE
	EndGlobalSection
	GlobalSection(NestedProjects) = preSolution
		{56BC0D0B-5CB0-45F2-BAE8-84BD9553084B} = {E8C848C8-9CAF-4029-9C98-680341C1562E}
		{A7B04FB1-9D25-4708-BB93-E2458FBD21C4} = {E8C848C8-9CAF-4029-9C98-680341C1562E}
		{994A52D9-8AEB-44F0-A319-B014651F0925} = {E8C848C8-9CAF-4029-9C98-680341C1562E}
		{E2573128-0F38-4D58-949C-F562A2AB6320} = {E8C848C8-9CAF-4029-9C98-680341C1562E}
		{D61F4F98-A970-4DD0-B9F0-23DC22235F00} = {E8C848C8-9CAF-4029-9C98-680341C1562E}
		{06E87DD0-0C8B-41D1-9528-F235751F68CF} = {4194BE90-FA3B-42E5-9948-E972E87EA15A}
		{837EF0B7-CDE5-46DA-AF3A-A53F9A4E681B} = {4194BE90-FA3B-42E5-9948-E972E87EA15A}
		{5277B978-CB33-456E-9C36-9C91A0B78528} = {837EF0B7-CDE5-46DA-AF3A-A53F9A4E681B}
		{46BCE273-7F0E-4370-BBD2-2E131039683C} = {837EF0B7-CDE5-46DA-AF3A-A53F9A4E681B}
	EndGlobalSection
EndGlobal
